// !$*UTF8*$!
{
	archiveVersion = 1;
	classes = {
	};
	objectVersion = 48;
	objects = {

/* Begin PBXBuildFile section */
		09F0F0251FDE588B007893D0 /* AppDelegate.swift in Sources */ = {isa = PBXBuildFile; fileRef = 09F0F0241FDE588B007893D0 /* AppDelegate.swift */; };
		09F0F0271FDE588B007893D0 /* ViewController.swift in Sources */ = {isa = PBXBuildFile; fileRef = 09F0F0261FDE588B007893D0 /* ViewController.swift */; };
		09F0F02A1FDE588B007893D0 /* Main.storyboard in Resources */ = {isa = PBXBuildFile; fileRef = 09F0F0281FDE588B007893D0 /* Main.storyboard */; };
		09F0F02C1FDE588B007893D0 /* Assets.xcassets in Resources */ = {isa = PBXBuildFile; fileRef = 09F0F02B1FDE588B007893D0 /* Assets.xcassets */; };
		09F0F02F1FDE588B007893D0 /* LaunchScreen.storyboard in Resources */ = {isa = PBXBuildFile; fileRef = 09F0F02D1FDE588B007893D0 /* LaunchScreen.storyboard */; };
		09F0F03A1FDE588B007893D0 /* MusicPlayerTests.swift in Sources */ = {isa = PBXBuildFile; fileRef = 09F0F0391FDE588B007893D0 /* MusicPlayerTests.swift */; };
		09F0F0451FDE588B007893D0 /* MusicPlayerUITests.swift in Sources */ = {isa = PBXBuildFile; fileRef = 09F0F0441FDE588B007893D0 /* MusicPlayerUITests.swift */; };
		09F0F0771FDE7929007893D0 /* music.png in Resources */ = {isa = PBXBuildFile; fileRef = 09F0F0711FDE7928007893D0 /* music.png */; };
		09F0F0781FDE7929007893D0 /* heart.png in Resources */ = {isa = PBXBuildFile; fileRef = 09F0F0721FDE7928007893D0 /* heart.png */; };
		09F0F0791FDE7929007893D0 /* back.png in Resources */ = {isa = PBXBuildFile; fileRef = 09F0F0731FDE7929007893D0 /* back.png */; };
		09F0F07A1FDE7929007893D0 /* next.png in Resources */ = {isa = PBXBuildFile; fileRef = 09F0F0741FDE7929007893D0 /* next.png */; };
		09F0F07B1FDE7929007893D0 /* pause.png in Resources */ = {isa = PBXBuildFile; fileRef = 09F0F0751FDE7929007893D0 /* pause.png */; };
		09F0F07C1FDE7929007893D0 /* play.png in Resources */ = {isa = PBXBuildFile; fileRef = 09F0F0761FDE7929007893D0 /* play.png */; };
		09F0F07E1FDE7B86007893D0 /* image.png in Resources */ = {isa = PBXBuildFile; fileRef = 09F0F07D1FDE7B86007893D0 /* image.png */; };
/* End PBXBuildFile section */

/* Begin PBXContainerItemProxy section */
		09F0F0361FDE588B007893D0 /* PBXContainerItemProxy */ = {
			isa = PBXContainerItemProxy;
			containerPortal = 09F0F0191FDE588B007893D0 /* Project object */;
			proxyType = 1;
			remoteGlobalIDString = 09F0F0201FDE588B007893D0;
			remoteInfo = MusicPlayer;
		};
		09F0F0411FDE588B007893D0 /* PBXContainerItemProxy */ = {
			isa = PBXContainerItemProxy;
			containerPortal = 09F0F0191FDE588B007893D0 /* Project object */;
			proxyType = 1;
			remoteGlobalIDString = 09F0F0201FDE588B007893D0;
			remoteInfo = MusicPlayer;
		};
/* End PBXContainerItemProxy section */

/* Begin PBXFileReference section */
		09F0F0211FDE588B007893D0 /* MusicPlayer.app */ = {isa = PBXFileReference; explicitFileType = wrapper.application; includeInIndex = 0; path = MusicPlayer.app; sourceTree = BUILT_PRODUCTS_DIR; };
		09F0F0241FDE588B007893D0 /* AppDelegate.swift */ = {isa = PBXFileReference; lastKnownFileType = sourcecode.swift; path = AppDelegate.swift; sourceTree = "<group>"; };
		09F0F0261FDE588B007893D0 /* ViewController.swift */ = {isa = PBXFileReference; lastKnownFileType = sourcecode.swift; path = ViewController.swift; sourceTree = "<group>"; };
		09F0F0291FDE588B007893D0 /* Base */ = {isa = PBXFileReference; lastKnownFileType = file.storyboard; name = Base; path = Base.lproj/Main.storyboard; sourceTree = "<group>"; };
		09F0F02B1FDE588B007893D0 /* Assets.xcassets */ = {isa = PBXFileReference; lastKnownFileType = folder.assetcatalog; path = Assets.xcassets; sourceTree = "<group>"; };
		09F0F02E1FDE588B007893D0 /* Base */ = {isa = PBXFileReference; lastKnownFileType = file.storyboard; name = Base; path = Base.lproj/LaunchScreen.storyboard; sourceTree = "<group>"; };
		09F0F0301FDE588B007893D0 /* Info.plist */ = {isa = PBXFileReference; lastKnownFileType = text.plist.xml; path = Info.plist; sourceTree = "<group>"; };
		09F0F0351FDE588B007893D0 /* MusicPlayerTests.xctest */ = {isa = PBXFileReference; explicitFileType = wrapper.cfbundle; includeInIndex = 0; path = MusicPlayerTests.xctest; sourceTree = BUILT_PRODUCTS_DIR; };
		09F0F0391FDE588B007893D0 /* MusicPlayerTests.swift */ = {isa = PBXFileReference; lastKnownFileType = sourcecode.swift; path = MusicPlayerTests.swift; sourceTree = "<group>"; };
		09F0F03B1FDE588B007893D0 /* Info.plist */ = {isa = PBXFileReference; lastKnownFileType = text.plist.xml; path = Info.plist; sourceTree = "<group>"; };
		09F0F0401FDE588B007893D0 /* MusicPlayerUITests.xctest */ = {isa = PBXFileReference; explicitFileType = wrapper.cfbundle; includeInIndex = 0; path = MusicPlayerUITests.xctest; sourceTree = BUILT_PRODUCTS_DIR; };
		09F0F0441FDE588B007893D0 /* MusicPlayerUITests.swift */ = {isa = PBXFileReference; lastKnownFileType = sourcecode.swift; path = MusicPlayerUITests.swift; sourceTree = "<group>"; };
		09F0F0461FDE588B007893D0 /* Info.plist */ = {isa = PBXFileReference; lastKnownFileType = text.plist.xml; path = Info.plist; sourceTree = "<group>"; };
		09F0F0711FDE7928007893D0 /* music.png */ = {isa = PBXFileReference; lastKnownFileType = image.png; path = music.png; sourceTree = "<group>"; };
		09F0F0721FDE7928007893D0 /* heart.png */ = {isa = PBXFileReference; lastKnownFileType = image.png; path = heart.png; sourceTree = "<group>"; };
		09F0F0731FDE7929007893D0 /* back.png */ = {isa = PBXFileReference; lastKnownFileType = image.png; path = back.png; sourceTree = "<group>"; };
		09F0F0741FDE7929007893D0 /* next.png */ = {isa = PBXFileReference; lastKnownFileType = image.png; path = next.png; sourceTree = "<group>"; };
		09F0F0751FDE7929007893D0 /* pause.png */ = {isa = PBXFileReference; lastKnownFileType = image.png; path = pause.png; sourceTree = "<group>"; };
		09F0F0761FDE7929007893D0 /* play.png */ = {isa = PBXFileReference; lastKnownFileType = image.png; path = play.png; sourceTree = "<group>"; };
		09F0F07D1FDE7B86007893D0 /* image.png */ = {isa = PBXFileReference; lastKnownFileType = image.png; path = image.png; sourceTree = "<group>"; };
/* End PBXFileReference section */

/* Begin PBXFrameworksBuildPhase section */
		09F0F01E1FDE588B007893D0 /* Frameworks */ = {
			isa = PBXFrameworksBuildPhase;
			buildActionMask = 2147483647;
			files = (
			);
			runOnlyForDeploymentPostprocessing = 0;
		};
		09F0F0321FDE588B007893D0 /* Frameworks */ = {
			isa = PBXFrameworksBuildPhase;
			buildActionMask = 2147483647;
			files = (
			);
			runOnlyForDeploymentPostprocessing = 0;
		};
		09F0F03D1FDE588B007893D0 /* Frameworks */ = {
			isa = PBXFrameworksBuildPhase;
			buildActionMask = 2147483647;
			files = (
			);
			runOnlyForDeploymentPostprocessing = 0;
		};
/* End PBXFrameworksBuildPhase section */

/* Begin PBXGroup section */
		09F0F0181FDE588B007893D0 = {
			isa = PBXGroup;
			children = (
				09F0F0231FDE588B007893D0 /* MusicPlayer */,
				09F0F0381FDE588B007893D0 /* MusicPlayerTests */,
				09F0F0431FDE588B007893D0 /* MusicPlayerUITests */,
				09F0F0221FDE588B007893D0 /* Products */,
			);
			sourceTree = "<group>";
		};
		09F0F0221FDE588B007893D0 /* Products */ = {
			isa = PBXGroup;
			children = (
				09F0F0211FDE588B007893D0 /* MusicPlayer.app */,
				09F0F0351FDE588B007893D0 /* MusicPlayerTests.xctest */,
				09F0F0401FDE588B007893D0 /* MusicPlayerUITests.xctest */,
			);
			name = Products;
			sourceTree = "<group>";
		};
		09F0F0231FDE588B007893D0 /* MusicPlayer */ = {
			isa = PBXGroup;
			children = (
				09F0F0241FDE588B007893D0 /* AppDelegate.swift */,
				09F0F0261FDE588B007893D0 /* ViewController.swift */,
				09F0F0281FDE588B007893D0 /* Main.storyboard */,
				09F0F02D1FDE588B007893D0 /* LaunchScreen.storyboard */,
				09F0F0301FDE588B007893D0 /* Info.plist */,
				09F0F02B1FDE588B007893D0 /* Assets.xcassets */,
				09F0F0641FDE78FF007893D0 /* icon */,
			);
			path = MusicPlayer;
			sourceTree = "<group>";
		};
		09F0F0381FDE588B007893D0 /* MusicPlayerTests */ = {
			isa = PBXGroup;
			children = (
				09F0F0391FDE588B007893D0 /* MusicPlayerTests.swift */,
				09F0F03B1FDE588B007893D0 /* Info.plist */,
			);
			path = MusicPlayerTests;
			sourceTree = "<group>";
		};
		09F0F0431FDE588B007893D0 /* MusicPlayerUITests */ = {
			isa = PBXGroup;
			children = (
				09F0F0441FDE588B007893D0 /* MusicPlayerUITests.swift */,
				09F0F0461FDE588B007893D0 /* Info.plist */,
			);
			path = MusicPlayerUITests;
			sourceTree = "<group>";
		};
		09F0F0641FDE78FF007893D0 /* icon */ = {
			isa = PBXGroup;
			children = (
				09F0F0731FDE7929007893D0 /* back.png */,
				09F0F0721FDE7928007893D0 /* heart.png */,
				09F0F0711FDE7928007893D0 /* music.png */,
				09F0F0741FDE7929007893D0 /* next.png */,
				09F0F0751FDE7929007893D0 /* pause.png */,
				09F0F0761FDE7929007893D0 /* play.png */,
				09F0F07D1FDE7B86007893D0 /* image.png */,
			);
			path = icon;
			sourceTree = "<group>";
		};
/* End PBXGroup section */

/* Begin PBXNativeTarget section */
		09F0F0201FDE588B007893D0 /* MusicPlayer */ = {
			isa = PBXNativeTarget;
			buildConfigurationList = 09F0F0491FDE588B007893D0 /* Build configuration list for PBXNativeTarget "MusicPlayer" */;
			buildPhases = (
				09F0F01D1FDE588B007893D0 /* Sources */,
				09F0F01E1FDE588B007893D0 /* Frameworks */,
				09F0F01F1FDE588B007893D0 /* Resources */,
			);
			buildRules = (
			);
			dependencies = (
			);
			name = MusicPlayer;
			productName = MusicPlayer;
			productReference = 09F0F0211FDE588B007893D0 /* MusicPlayer.app */;
			productType = "com.apple.product-type.application";
		};
		09F0F0341FDE588B007893D0 /* MusicPlayerTests */ = {
			isa = PBXNativeTarget;
			buildConfigurationList = 09F0F04C1FDE588B007893D0 /* Build configuration list for PBXNativeTarget "MusicPlayerTests" */;
			buildPhases = (
				09F0F0311FDE588B007893D0 /* Sources */,
				09F0F0321FDE588B007893D0 /* Frameworks */,
				09F0F0331FDE588B007893D0 /* Resources */,
			);
			buildRules = (
			);
			dependencies = (
				09F0F0371FDE588B007893D0 /* PBXTargetDependency */,
			);
			name = MusicPlayerTests;
			productName = MusicPlayerTests;
			productReference = 09F0F0351FDE588B007893D0 /* MusicPlayerTests.xctest */;
			productType = "com.apple.product-type.bundle.unit-test";
		};
		09F0F03F1FDE588B007893D0 /* MusicPlayerUITests */ = {
			isa = PBXNativeTarget;
			buildConfigurationList = 09F0F04F1FDE588B007893D0 /* Build configuration list for PBXNativeTarget "MusicPlayerUITests" */;
			buildPhases = (
				09F0F03C1FDE588B007893D0 /* Sources */,
				09F0F03D1FDE588B007893D0 /* Frameworks */,
				09F0F03E1FDE588B007893D0 /* Resources */,
			);
			buildRules = (
			);
			dependencies = (
				09F0F0421FDE588B007893D0 /* PBXTargetDependency */,
			);
			name = MusicPlayerUITests;
			productName = MusicPlayerUITests;
			productReference = 09F0F0401FDE588B007893D0 /* MusicPlayerUITests.xctest */;
			productType = "com.apple.product-type.bundle.ui-testing";
		};
/* End PBXNativeTarget section */

/* Begin PBXProject section */
		09F0F0191FDE588B007893D0 /* Project object */ = {
			isa = PBXProject;
			attributes = {
				LastSwiftUpdateCheck = 0910;
				LastUpgradeCheck = 0910;
				ORGANIZATIONNAME = wyh;
				TargetAttributes = {
					09F0F0201FDE588B007893D0 = {
						CreatedOnToolsVersion = 9.1;
						ProvisioningStyle = Automatic;
					};
					09F0F0341FDE588B007893D0 = {
						CreatedOnToolsVersion = 9.1;
						ProvisioningStyle = Automatic;
						TestTargetID = 09F0F0201FDE588B007893D0;
					};
					09F0F03F1FDE588B007893D0 = {
						CreatedOnToolsVersion = 9.1;
						ProvisioningStyle = Automatic;
						TestTargetID = 09F0F0201FDE588B007893D0;
					};
				};
			};
			buildConfigurationList = 09F0F01C1FDE588B007893D0 /* Build configuration list for PBXProject "MusicPlayer" */;
			compatibilityVersion = "Xcode 8.0";
			developmentRegion = en;
			hasScannedForEncodings = 0;
			knownRegions = (
				en,
				Base,
			);
			mainGroup = 09F0F0181FDE588B007893D0;
			productRefGroup = 09F0F0221FDE588B007893D0 /* Products */;
			projectDirPath = "";
			projectRoot = "";
			targets = (
				09F0F0201FDE588B007893D0 /* MusicPlayer */,
				09F0F0341FDE588B007893D0 /* MusicPlayerTests */,
				09F0F03F1FDE588B007893D0 /* MusicPlayerUITests */,
			);
		};
/* End PBXProject section */

/* Begin PBXResourcesBuildPhase section */
		09F0F01F1FDE588B007893D0 /* Resources */ = {
			isa = PBXResourcesBuildPhase;
			buildActionMask = 2147483647;
			files = (
				09F0F07A1FDE7929007893D0 /* next.png in Resources */,
				09F0F02F1FDE588B007893D0 /* LaunchScreen.storyboard in Resources */,
				09F0F07C1FDE7929007893D0 /* play.png in Resources */,
				09F0F07B1FDE7929007893D0 /* pause.png in Resources */,
				09F0F0771FDE7929007893D0 /* music.png in Resources */,
				09F0F0791FDE7929007893D0 /* back.png in Resources */,
				09F0F0781FDE7929007893D0 /* heart.png in Resources */,
				09F0F02C1FDE588B007893D0 /* Assets.xcassets in Resources */,
				09F0F02A1FDE588B007893D0 /* Main.storyboard in Resources */,
				09F0F07E1FDE7B86007893D0 /* image.png in Resources */,
			);
			runOnlyForDeploymentPostprocessing = 0;
		};
		09F0F0331FDE588B007893D0 /* Resources */ = {
			isa = PBXResourcesBuildPhase;
			buildActionMask = 2147483647;
			files = (
			);
			runOnlyForDeploymentPostprocessing = 0;
		};
		09F0F03E1FDE588B007893D0 /* Resources */ = {
			isa = PBXResourcesBuildPhase;
			buildActionMask = 2147483647;
			files = (
			);
			runOnlyForDeploymentPostprocessing = 0;
		};
/* End PBXResourcesBuildPhase section */

/* Begin PBXSourcesBuildPhase section */
		09F0F01D1FDE588B007893D0 /* Sources */ = {
			isa = PBXSourcesBuildPhase;
			buildActionMask = 2147483647;
			files = (
				09F0F0271FDE588B007893D0 /* ViewController.swift in Sources */,
				09F0F0251FDE588B007893D0 /* AppDelegate.swift in Sources */,
			);
			runOnlyForDeploymentPostprocessing = 0;
		};
		09F0F0311FDE588B007893D0 /* Sources */ = {
			isa = PBXSourcesBuildPhase;
			buildActionMask = 2147483647;
			files = (
				09F0F03A1FDE588B007893D0 /* MusicPlayerTests.swift in Sources */,
			);
			runOnlyForDeploymentPostprocessing = 0;
		};
		09F0F03C1FDE588B007893D0 /* Sources */ = {
			isa = PBXSourcesBuildPhase;
			buildActionMask = 2147483647;
			files = (
				09F0F0451FDE588B007893D0 /* MusicPlayerUITests.swift in Sources */,
			);
			runOnlyForDeploymentPostprocessing = 0;
		};
/* End PBXSourcesBuildPhase section */

/* Begin PBXTargetDependency section */
		09F0F0371FDE588B007893D0 /* PBXTargetDependency */ = {
			isa = PBXTargetDependency;
			target = 09F0F0201FDE588B007893D0 /* MusicPlayer */;
			targetProxy = 09F0F0361FDE588B007893D0 /* PBXContainerItemProxy */;
		};
		09F0F0421FDE588B007893D0 /* PBXTargetDependency */ = {
			isa = PBXTargetDependency;
			target = 09F0F0201FDE588B007893D0 /* MusicPlayer */;
			targetProxy = 09F0F0411FDE588B007893D0 /* PBXContainerItemProxy */;
		};
/* End PBXTargetDependency section */

/* Begin PBXVariantGroup section */
		09F0F0281FDE588B007893D0 /* Main.storyboard */ = {
			isa = PBXVariantGroup;
			children = (
				09F0F0291FDE588B007893D0 /* Base */,
			);
			name = Main.storyboard;
			sourceTree = "<group>";
		};
		09F0F02D1FDE588B007893D0 /* LaunchScreen.storyboard */ = {
			isa = PBXVariantGroup;
			children = (
				09F0F02E1FDE588B007893D0 /* Base */,
			);
			name = LaunchScreen.storyboard;
			sourceTree = "<group>";
		};
/* End PBXVariantGroup section */

/* Begin XCBuildConfiguration section */
		09F0F0471FDE588B007893D0 /* Debug */ = {
			isa = XCBuildConfiguration;
			buildSettings = {
				ALWAYS_SEARCH_USER_PATHS = NO;
				CLANG_ANALYZER_NONNULL = YES;
				CLANG_ANALYZER_NUMBER_OBJECT_CONVERSION = YES_AGGRESSIVE;
				CLANG_CXX_LANGUAGE_STANDARD = "gnu++14";
				CLANG_CXX_LIBRARY = "libc++";
				CLANG_ENABLE_MODULES = YES;
				CLANG_ENABLE_OBJC_ARC = YES;
				CLANG_WARN_BLOCK_CAPTURE_AUTORELEASING = YES;
				CLANG_WARN_BOOL_CONVERSION = YES;
				CLANG_WARN_COMMA = YES;
				CLANG_WARN_CONSTANT_CONVERSION = YES;
				CLANG_WARN_DIRECT_OBJC_ISA_USAGE = YES_ERROR;
				CLANG_WARN_DOCUMENTATION_COMMENTS = YES;
				CLANG_WARN_EMPTY_BODY = YES;
				CLANG_WARN_ENUM_CONVERSION = YES;
				CLANG_WARN_INFINITE_RECURSION = YES;
				CLANG_WARN_INT_CONVERSION = YES;
				CLANG_WARN_NON_LITERAL_NULL_CONVERSION = YES;
				CLANG_WARN_OBJC_LITERAL_CONVERSION = YES;
				CLANG_WARN_OBJC_ROOT_CLASS = YES_ERROR;
				CLANG_WARN_RANGE_LOOP_ANALYSIS = YES;
				CLANG_WARN_STRICT_PROTOTYPES = YES;
				CLANG_WARN_SUSPICIOUS_MOVE = YES;
				CLANG_WARN_UNGUARDED_AVAILABILITY = YES_AGGRESSIVE;
				CLANG_WARN_UNREACHABLE_CODE = YES;
				CLANG_WARN__DUPLICATE_METHOD_MATCH = YES;
				CODE_SIGN_IDENTITY = "iPhone Developer";
				COPY_PHASE_STRIP = NO;
				DEBUG_INFORMATION_FORMAT = dwarf;
				ENABLE_STRICT_OBJC_MSGSEND = YES;
				ENABLE_TESTABILITY = YES;
				GCC_C_LANGUAGE_STANDARD = gnu11;
				GCC_DYNAMIC_NO_PIC = NO;
				GCC_NO_COMMON_BLOCKS = YES;
				GCC_OPTIMIZATION_LEVEL = 0;
				GCC_PREPROCESSOR_DEFINITIONS = (
					"DEBUG=1",
					"$(inherited)",
				);
				GCC_WARN_64_TO_32_BIT_CONVERSION = YES;
				GCC_WARN_ABOUT_RETURN_TYPE = YES_ERROR;
				GCC_WARN_UNDECLARED_SELECTOR = YES;
				GCC_WARN_UNINITIALIZED_AUTOS = YES_AGGRESSIVE;
				GCC_WARN_UNUSED_FUNCTION = YES;
				GCC_WARN_UNUSED_VARIABLE = YES;
				IPHONEOS_DEPLOYMENT_TARGET = 11.1;
				MTL_ENABLE_DEBUG_INFO = YES;
				ONLY_ACTIVE_ARCH = YES;
				SDKROOT = iphoneos;
				SWIFT_ACTIVE_COMPILATION_CONDITIONS = DEBUG;
				SWIFT_OPTIMIZATION_LEVEL = "-Onone";
			};
			name = Debug;
		};
		09F0F0481FDE588B007893D0 /* Release */ = {
			isa = XCBuildConfiguration;
			buildSettings = {
				ALWAYS_SEARCH_USER_PATHS = NO;
				CLANG_ANALYZER_NONNULL = YES;
				CLANG_ANALYZER_NUMBER_OBJECT_CONVERSION = YES_AGGRESSIVE;
				CLANG_CXX_LANGUAGE_STANDARD = "gnu++14";
				CLANG_CXX_LIBRARY = "libc++";
				CLANG_ENABLE_MODULES = YES;
				CLANG_ENABLE_OBJC_ARC = YES;
				CLANG_WARN_BLOCK_CAPTURE_AUTORELEASING = YES;
				CLANG_WARN_BOOL_CONVERSION = YES;
				CLANG_WARN_COMMA = YES;
				CLANG_WARN_CONSTANT_CONVERSION = YES;
				CLANG_WARN_DIRECT_OBJC_ISA_USAGE = YES_ERROR;
				CLANG_WARN_DOCUMENTATION_COMMENTS = YES;
				CLANG_WARN_EMPTY_BODY = YES;
				CLANG_WARN_ENUM_CONVERSION = YES;
				CLANG_WARN_INFINITE_RECURSION = YES;
				CLANG_WARN_INT_CONVERSION = YES;
				CLANG_WARN_NON_LITERAL_NULL_CONVERSION = YES;
				CLANG_WARN_OBJC_LITERAL_CONVERSION = YES;
				CLANG_WARN_OBJC_ROOT_CLASS = YES_ERROR;
				CLANG_WARN_RANGE_LOOP_ANALYSIS = YES;
				CLANG_WARN_STRICT_PROTOTYPES = YES;
				CLANG_WARN_SUSPICIOUS_MOVE = YES;
				CLANG_WARN_UNGUARDED_AVAILABILITY = YES_AGGRESSIVE;
				CLANG_WARN_UNREACHABLE_CODE = YES;
				CLANG_WARN__DUPLICATE_METHOD_MATCH = YES;
				CODE_SIGN_IDENTITY = "iPhone Developer";
				COPY_PHASE_STRIP = NO;
				DEBUG_INFORMATION_FORMAT = "dwarf-with-dsym";
				ENABLE_NS_ASSERTIONS = NO;
				ENABLE_STRICT_OBJC_MSGSEND = YES;
				GCC_C_LANGUAGE_STANDARD = gnu11;
				GCC_NO_COMMON_BLOCKS = YES;
				GCC_WARN_64_TO_32_BIT_CONVERSION = YES;
				GCC_WARN_ABOUT_RETURN_TYPE = YES_ERROR;
				GCC_WARN_UNDECLARED_SELECTOR = YES;
				GCC_WARN_UNINITIALIZED_AUTOS = YES_AGGRESSIVE;
				GCC_WARN_UNUSED_FUNCTION = YES;
				GCC_WARN_UNUSED_VARIABLE = YES;
				IPHONEOS_DEPLOYMENT_TARGET = 11.1;
				MTL_ENABLE_DEBUG_INFO = NO;
				SDKROOT = iphoneos;
				SWIFT_OPTIMIZATION_LEVEL = "-Owholemodule";
				VALIDATE_PRODUCT = YES;
			};
			name = Release;
		};
		09F0F04A1FDE588B007893D0 /* Debug */ = {
			isa = XCBuildConfiguration;
			buildSettings = {
				ASSETCATALOG_COMPILER_APPICON_NAME = AppIcon;
				CODE_SIGN_STYLE = Automatic;
				DEVELOPMENT_TEAM = A33J354KUK;
				INFOPLIST_FILE = MusicPlayer/Info.plist;
				LD_RUNPATH_SEARCH_PATHS = "$(inherited) @executable_path/Frameworks";
				PRODUCT_BUNDLE_IDENTIFIER = apple.MusicPlayer;
				PRODUCT_NAME = "$(TARGET_NAME)";
				SWIFT_VERSION = 4.0;
				TARGETED_DEVICE_FAMILY = "1,2";
			};
			name = Debug;
		};
		09F0F04B1FDE588B007893D0 /* Release */ = {
			isa = XCBuildConfiguration;
			buildSettings = {
				ASSETCATALOG_COMPILER_APPICON_NAME = AppIcon;
				CODE_SIGN_STYLE = Automatic;
				DEVELOPMENT_TEAM = A33J354KUK;
				INFOPLIST_FILE = MusicPlayer/Info.plist;
				LD_RUNPATH_SEARCH_PATHS = "$(inherited) @executable_path/Frameworks";
				PRODUCT_BUNDLE_IDENTIFIER = apple.MusicPlayer;
				PRODUCT_NAME = "$(TARGET_NAME)";
				SWIFT_VERSION = 4.0;
				TARGETED_DEVICE_FAMILY = "1,2";
			};
			name = Release;
		};
		09F0F04D1FDE588B007893D0 /* Debug */ = {
			isa = XCBuildConfiguration;
			buildSettings = {
				ALWAYS_EMBED_SWIFT_STANDARD_LIBRARIES = YES;
				BUNDLE_LOADER = "$(TEST_HOST)";
				CODE_SIGN_STYLE = Automatic;
				DEVELOPMENT_TEAM = A33J354KUK;
				INFOPLIST_FILE = MusicPlayerTests/Info.plist;
				LD_RUNPATH_SEARCH_PATHS = "$(inherited) @executable_path/Frameworks @loader_path/Frameworks";
				PRODUCT_BUNDLE_IDENTIFIER = apple.MusicPlayerTests;
				PRODUCT_NAME = "$(TARGET_NAME)";
				SWIFT_VERSION = 4.0;
				TARGETED_DEVICE_FAMILY = "1,2";
				TEST_HOST = "$(BUILT_PRODUCTS_DIR)/MusicPlayer.app/MusicPlayer";
			};
			name = Debug;
		};
		09F0F04E1FDE588B007893D0 /* Release */ = {
			isa = XCBuildConfiguration;
			buildSettings = {
				ALWAYS_EMBED_SWIFT_STANDARD_LIBRARIES = YES;
				BUNDLE_LOADER = "$(TEST_HOST)";
				CODE_SIGN_STYLE = Automatic;
				DEVELOPMENT_TEAM = A33J354KUK;
				INFOPLIST_FILE = MusicPlayerTests/Info.plist;
				LD_RUNPATH_SEARCH_PATHS = "$(inherited) @executable_path/Frameworks @loader_path/Frameworks";
				PRODUCT_BUNDLE_IDENTIFIER = apple.MusicPlayerTests;
				PRODUCT_NAME = "$(TARGET_NAME)";
				SWIFT_VERSION = 4.0;
				TARGETED_DEVICE_FAMILY = "1,2";
				TEST_HOST = "$(BUILT_PRODUCTS_DIR)/MusicPlayer.app/MusicPlayer";
			};
			name = Release;
		};
		09F0F0501FDE588B007893D0 /* Debug */ = {
			isa = XCBuildConfiguration;
			buildSettings = {
				ALWAYS_EMBED_SWIFT_STANDARD_LIBRARIES = YES;
				CODE_SIGN_STYLE = Automatic;
				DEVELOPMENT_TEAM = A33J354KUK;
				INFOPLIST_FILE = MusicPlayerUITests/Info.plist;
				LD_RUNPATH_SEARCH_PATHS = "$(inherited) @executable_path/Frameworks @loader_path/Frameworks";
				PRODUCT_BUNDLE_IDENTIFIER = apple.MusicPlayerUITests;
				PRODUCT_NAME = "$(TARGET_NAME)";
				SWIFT_VERSION = 4.0;
				TARGETED_DEVICE_FAMILY = "1,2";
				TEST_TARGET_NAME = MusicPlayer;
			};
			name = Debug;
		};
		09F0F0511FDE588B007893D0 /* Release */ = {
			isa = XCBuildConfiguration;
			buildSettings = {
				ALWAYS_EMBED_SWIFT_STANDARD_LIBRARIES = YES;
				CODE_SIGN_STYLE = Automatic;
				DEVELOPMENT_TEAM = A33J354KUK;
				INFOPLIST_FILE = MusicPlayerUITests/Info.plist;
				LD_RUNPATH_SEARCH_PATHS = "$(inherited) @executable_path/Frameworks @loader_path/Frameworks";
				PRODUCT_BUNDLE_IDENTIFIER = apple.MusicPlayerUITests;
				PRODUCT_NAME = "$(TARGET_NAME)";
				SWIFT_VERSION = 4.0;
				TARGETED_DEVICE_FAMILY = "1,2";
				TEST_TARGET_NAME = MusicPlayer;
			};
			name = Release;
		};
/* End XCBuildConfiguration section */

/* Begin XCConfigurationList section */
		09F0F01C1FDE588B007893D0 /* Build configuration list for PBXProject "MusicPlayer" */ = {
			isa = XCConfigurationList;
			buildConfigurations = (
				09F0F0471FDE588B007893D0 /* Debug */,
				09F0F0481FDE588B007893D0 /* Release */,
			);
			defaultConfigurationIsVisible = 0;
			defaultConfigurationName = Release;
		};
		09F0F0491FDE588B007893D0 /* Build configuration list for PBXNativeTarget "MusicPlayer" */ = {
			isa = XCConfigurationList;
			buildConfigurations = (
				09F0F04A1FDE588B007893D0 /* Debug */,
				09F0F04B1FDE588B007893D0 /* Release */,
			);
			defaultConfigurationIsVisible = 0;
			defaultConfigurationName = Release;
		};
		09F0F04C1FDE588B007893D0 /* Build configuration list for PBXNativeTarget "MusicPlayerTests" */ = {
			isa = XCConfigurationList;
			buildConfigurations = (
				09F0F04D1FDE588B007893D0 /* Debug */,
				09F0F04E1FDE588B007893D0 /* Release */,
			);
			defaultConfigurationIsVisible = 0;
			defaultConfigurationName = Release;
		};
		09F0F04F1FDE588B007893D0 /* Build configuration list for PBXNativeTarget "MusicPlayerUITests" */ = {
			isa = XCConfigurationList;
			buildConfigurations = (
				09F0F0501FDE588B007893D0 /* Debug */,
				09F0F0511FDE588B007893D0 /* Release */,
			);
			defaultConfigurationIsVisible = 0;
			defaultConfigurationName = Release;
		};
/* End XCConfigurationList section */
	};
	rootObject = 09F0F0191FDE588B007893D0 /* Project object */;
}
